github.com/aaronland/go-roster v1.0.0 h1:FRDGrTqsYySKjWnAhbBGXyeGlI/o5/t9FZYCbUmyQtI=
github.com/aaronland/go-roster v1.0.0/go.mod h1:KIsYZgrJlAsyb9LsXSCvlqvbcCBVjCSqcQiZx42i9ro=
github.com/aaronland/go-string v1.0.0 h1:fPHmC1i9JhGzgi4qdCSXKc4xTCaLLe0uvlJMu9dHhco=
github.com/aaronland/go-string v1.0.0/go.mod h1:URh3Au/fNbM0++WjBseurE3QTp875wiJ9ImrecD+7tI=
github.com/patrickmn/go-hmaccrypt v0.0.0-20150313143312-a45a9e4beb6c h1:JXMHNsDQzjVRN9Cvci1CA24DuS5nT/9sF0ap15/NpN0=
github.com/patrickmn/go-hmaccrypt v0.0.0-20150313143312-a45a9e4beb6c/go.mod h1:rUAje1qWC9d7aMw9h8/fvyvZ++gOZg3oMuquZCF/omM=
golang.org/x/crypto v0.10.0 h1:LKqV2xt9+kDzSTfOhx4FrkEBcMrAgHSYgzywV9zcGmM=
golang.org/x/crypto v0.10.0/go.mod h1:o4eNf7Ede1fv+hwOwZsTHl9EsPFO6q6ZvYR8vYfY45I=
golang.org/x/sys v0.9.0 h1:KS/R3tvhPqvJvwcKfnBHJwwthS11LRhmM5D59eEXa0s=
golang.org/x/sys v0.9.0/go.mod h1:oPkhp1MJrh7nUepCBck5+mAzfO9JrbApNNgaTdGDITg=
golang.org/x/term v0.9.0 h1:GRRCnKYhdQrD8kfRAdQ6Zcw1P0OcELxGLKJvtjVMZ28=
golang.org/x/term v0.9.0/go.mod h1:M6DEAAIenWoTxdKrOltXcmDY3rSplQUkrvaDU5FcQyo=
